
Microsoft Visual Studio Solution File, Format Version 12.00
# Visual Studio Version 17
VisualStudioVersion = 17.5.33424.131
MinimumVisualStudioVersion = 10.0.40219.1
Project("{2150E333-8FDC-42A3-9474-1A3956D46DE8}") = "ApiGateway", "ApiGateway", "{2ED078D2-FFC5-4FDD-B5DF-19DCB6827723}"
EndProject
Project("{2150E333-8FDC-42A3-9474-1A3956D46DE8}") = "Microservices", "Microservices", "{41EB7AEF-00CD-4DF5-B499-8EFDB23EF8B1}"
EndProject
Project("{9A19103F-16F7-4668-BE54-9A1E7A4F7556}") = "AppointmentMicroservice", "AppointmentMicroservice\AppointmentMicroservice.csproj", "{375A2619-65A2-46FB-B683-4A9E0ECFF5BB}"
EndProject
Project("{9A19103F-16F7-4668-BE54-9A1E7A4F7556}") = "NoticeMicroservice", "NoticeMicroservice\NoticeMicroservice.csproj", "{58D84C64-759E-4355-86DA-C29063BAE24D}"
EndProject
Project("{9A19103F-16F7-4668-BE54-9A1E7A4F7556}") = "PrescriptionMicroservice", "PrescriptionMicroservice\PrescriptionMicroservice.csproj", "{F7DCB1CB-913F-4901-964B-5C7F89668DD6}"
EndProject
Project("{9A19103F-16F7-4668-BE54-9A1E7A4F7556}") = "Domain", "Domain\Domain.csproj", "{8009E6D3-1290-4A6E-916D-4A7C2AB51EE7}"
EndProject
Project("{9A19103F-16F7-4668-BE54-9A1E7A4F7556}") = "Persistence", "Persistence\Persistence.csproj", "{5EB8F7D4-411B-4122-8559-F1C2635F95FE}"
EndProject
Project("{9A19103F-16F7-4668-BE54-9A1E7A4F7556}") = "ApiGateway", "ApiGateway\ApiGateway.csproj", "{CE4756AE-D455-4A23-8B0B-F6865EDE5B37}"
EndProject
Project("{9A19103F-16F7-4668-BE54-9A1E7A4F7556}") = "JwtAuthenticationManager", "JwtAuthenticationManager\JwtAuthenticationManager.csproj", "{0FB7385E-2905-40AF-B4FA-E4157566D7AE}"
EndProject
Project("{9A19103F-16F7-4668-BE54-9A1E7A4F7556}") = "AuthenticationWebApi", "AuthenticationWebApi\AuthenticationWebApi.csproj", "{05465FC5-F2F3-41F8-9144-4B21F683549C}"
EndProject
Project("{FAE04EC0-301F-11D3-BF4B-00C04F79EFBC}") = "AdminMicroservice", "AdminMicroservice\AdminMicroservice.csproj", "{4A0BDCDF-7CCB-4CA9-8FEB-5906E9AA5DCA}"
EndProject
Project("{FAE04EC0-301F-11D3-BF4B-00C04F79EFBC}") = "DoctorMicroservice", "DoctorMicroservice\DoctorMicroservice.csproj", "{6C58786A-B694-4FEF-A6FD-4AFC8F108D79}"
EndProject
Project("{FAE04EC0-301F-11D3-BF4B-00C04F79EFBC}") = "PatientMicroservice", "PatientMicroservice\PatientMicroservice.csproj", "{6C31F58A-F03E-49D7-A6AB-AE0D244D3FDA}"
EndProject
Global
	GlobalSection(SolutionConfigurationPlatforms) = preSolution
		Debug|Any CPU = Debug|Any CPU
		Release|Any CPU = Release|Any CPU
	EndGlobalSection
	GlobalSection(ProjectConfigurationPlatforms) = postSolution
		{375A2619-65A2-46FB-B683-4A9E0ECFF5BB}.Debug|Any CPU.ActiveCfg = Debug|Any CPU
		{375A2619-65A2-46FB-B683-4A9E0ECFF5BB}.Debug|Any CPU.Build.0 = Debug|Any CPU
		{375A2619-65A2-46FB-B683-4A9E0ECFF5BB}.Release|Any CPU.ActiveCfg = Release|Any CPU
		{375A2619-65A2-46FB-B683-4A9E0ECFF5BB}.Release|Any CPU.Build.0 = Release|Any CPU
		{58D84C64-759E-4355-86DA-C29063BAE24D}.Debug|Any CPU.ActiveCfg = Debug|Any CPU
		{58D84C64-759E-4355-86DA-C29063BAE24D}.Debug|Any CPU.Build.0 = Debug|Any CPU
		{58D84C64-759E-4355-86DA-C29063BAE24D}.Release|Any CPU.ActiveCfg = Release|Any CPU
		{58D84C64-759E-4355-86DA-C29063BAE24D}.Release|Any CPU.Build.0 = Release|Any CPU
		{F7DCB1CB-913F-4901-964B-5C7F89668DD6}.Debug|Any CPU.ActiveCfg = Debug|Any CPU
		{F7DCB1CB-913F-4901-964B-5C7F89668DD6}.Debug|Any CPU.Build.0 = Debug|Any CPU
		{F7DCB1CB-913F-4901-964B-5C7F89668DD6}.Release|Any CPU.ActiveCfg = Release|Any CPU
		{F7DCB1CB-913F-4901-964B-5C7F89668DD6}.Release|Any CPU.Build.0 = Release|Any CPU
		{8009E6D3-1290-4A6E-916D-4A7C2AB51EE7}.Debug|Any CPU.ActiveCfg = Debug|Any CPU
		{8009E6D3-1290-4A6E-916D-4A7C2AB51EE7}.Debug|Any CPU.Build.0 = Debug|Any CPU
		{8009E6D3-1290-4A6E-916D-4A7C2AB51EE7}.Release|Any CPU.ActiveCfg = Release|Any CPU
		{8009E6D3-1290-4A6E-916D-4A7C2AB51EE7}.Release|Any CPU.Build.0 = Release|Any CPU
		{5EB8F7D4-411B-4122-8559-F1C2635F95FE}.Debug|Any CPU.ActiveCfg = Debug|Any CPU
		{5EB8F7D4-411B-4122-8559-F1C2635F95FE}.Debug|Any CPU.Build.0 = Debug|Any CPU
		{5EB8F7D4-411B-4122-8559-F1C2635F95FE}.Release|Any CPU.ActiveCfg = Release|Any CPU
		{5EB8F7D4-411B-4122-8559-F1C2635F95FE}.Release|Any CPU.Build.0 = Release|Any CPU
		{CE4756AE-D455-4A23-8B0B-F6865EDE5B37}.Debug|Any CPU.ActiveCfg = Debug|Any CPU
		{CE4756AE-D455-4A23-8B0B-F6865EDE5B37}.Debug|Any CPU.Build.0 = Debug|Any CPU
		{CE4756AE-D455-4A23-8B0B-F6865EDE5B37}.Release|Any CPU.ActiveCfg = Release|Any CPU
		{CE4756AE-D455-4A23-8B0B-F6865EDE5B37}.Release|Any CPU.Build.0 = Release|Any CPU
		{0FB7385E-2905-40AF-B4FA-E4157566D7AE}.Debug|Any CPU.ActiveCfg = Debug|Any CPU
		{0FB7385E-2905-40AF-B4FA-E4157566D7AE}.Debug|Any CPU.Build.0 = Debug|Any CPU
		{0FB7385E-2905-40AF-B4FA-E4157566D7AE}.Release|Any CPU.ActiveCfg = Release|Any CPU
		{0FB7385E-2905-40AF-B4FA-E4157566D7AE}.Release|Any CPU.Build.0 = Release|Any CPU
		{05465FC5-F2F3-41F8-9144-4B21F683549C}.Debug|Any CPU.ActiveCfg = Debug|Any CPU
		{05465FC5-F2F3-41F8-9144-4B21F683549C}.Debug|Any CPU.Build.0 = Debug|Any CPU
		{05465FC5-F2F3-41F8-9144-4B21F683549C}.Release|Any CPU.ActiveCfg = Release|Any CPU
		{05465FC5-F2F3-41F8-9144-4B21F683549C}.Release|Any CPU.Build.0 = Release|Any CPU
		{4A0BDCDF-7CCB-4CA9-8FEB-5906E9AA5DCA}.Debug|Any CPU.ActiveCfg = Debug|Any CPU
		{4A0BDCDF-7CCB-4CA9-8FEB-5906E9AA5DCA}.Debug|Any CPU.Build.0 = Debug|Any CPU
		{4A0BDCDF-7CCB-4CA9-8FEB-5906E9AA5DCA}.Release|Any CPU.ActiveCfg = Release|Any CPU
		{4A0BDCDF-7CCB-4CA9-8FEB-5906E9AA5DCA}.Release|Any CPU.Build.0 = Release|Any CPU
		{6C58786A-B694-4FEF-A6FD-4AFC8F108D79}.Debug|Any CPU.ActiveCfg = Debug|Any CPU
		{6C58786A-B694-4FEF-A6FD-4AFC8F108D79}.Debug|Any CPU.Build.0 = Debug|Any CPU
		{6C58786A-B694-4FEF-A6FD-4AFC8F108D79}.Release|Any CPU.ActiveCfg = Release|Any CPU
		{6C58786A-B694-4FEF-A6FD-4AFC8F108D79}.Release|Any CPU.Build.0 = Release|Any CPU
		{6C31F58A-F03E-49D7-A6AB-AE0D244D3FDA}.Debug|Any CPU.ActiveCfg = Debug|Any CPU
		{6C31F58A-F03E-49D7-A6AB-AE0D244D3FDA}.Debug|Any CPU.Build.0 = Debug|Any CPU
		{6C31F58A-F03E-49D7-A6AB-AE0D244D3FDA}.Release|Any CPU.ActiveCfg = Release|Any CPU
		{6C31F58A-F03E-49D7-A6AB-AE0D244D3FDA}.Release|Any CPU.Build.0 = Release|Any CPU
	EndGlobalSection
	GlobalSection(SolutionProperties) = preSolution
		HideSolutionNode = FALSE
	EndGlobalSection
	GlobalSection(NestedProjects) = preSolution
		{375A2619-65A2-46FB-B683-4A9E0ECFF5BB} = {41EB7AEF-00CD-4DF5-B499-8EFDB23EF8B1}
		{58D84C64-759E-4355-86DA-C29063BAE24D} = {41EB7AEF-00CD-4DF5-B499-8EFDB23EF8B1}
		{F7DCB1CB-913F-4901-964B-5C7F89668DD6} = {41EB7AEF-00CD-4DF5-B499-8EFDB23EF8B1}
		{CE4756AE-D455-4A23-8B0B-F6865EDE5B37} = {2ED078D2-FFC5-4FDD-B5DF-19DCB6827723}
		{4A0BDCDF-7CCB-4CA9-8FEB-5906E9AA5DCA} = {41EB7AEF-00CD-4DF5-B499-8EFDB23EF8B1}
		{6C58786A-B694-4FEF-A6FD-4AFC8F108D79} = {41EB7AEF-00CD-4DF5-B499-8EFDB23EF8B1}
		{6C31F58A-F03E-49D7-A6AB-AE0D244D3FDA} = {41EB7AEF-00CD-4DF5-B499-8EFDB23EF8B1}
	EndGlobalSection
	GlobalSection(ExtensibilityGlobals) = postSolution
		SolutionGuid = {ACBC4671-7921-4BD4-9AE4-52417021E548}
	EndGlobalSection
EndGlobal
