
Microsoft Visual Studio Solution File, Format Version 12.00
# Visual Studio Version 17
VisualStudioVersion = 17.5.33424.131
MinimumVisualStudioVersion = 10.0.40219.1
Project("{2150E333-8FDC-42A3-9474-1A3956D46DE8}") = "ApiGateway", "ApiGateway", "{2ED078D2-FFC5-4FDD-B5DF-19DCB6827723}"
EndProject
Project("{2150E333-8FDC-42A3-9474-1A3956D46DE8}") = "Microservices", "Microservices", "{41EB7AEF-00CD-4DF5-B499-8EFDB23EF8B1}"
EndProject
Project("{FAE04EC0-301F-11D3-BF4B-00C04F79EFBC}") = "AppointmentMicroservice", "AppointmentMicroservice\AppointmentMicroservice.csproj", "{375A2619-65A2-46FB-B683-4A9E0ECFF5BB}"
EndProject
Project("{FAE04EC0-301F-11D3-BF4B-00C04F79EFBC}") = "NoticeMicroservice", "NoticeMicroservice\NoticeMicroservice.csproj", "{58D84C64-759E-4355-86DA-C29063BAE24D}"
EndProject
Project("{FAE04EC0-301F-11D3-BF4B-00C04F79EFBC}") = "PrescriptionMicroservice", "PrescriptionMicroservice\PrescriptionMicroservice.csproj", "{F7DCB1CB-913F-4901-964B-5C7F89668DD6}"
EndProject
Project("{FAE04EC0-301F-11D3-BF4B-00C04F79EFBC}") = "Domain", "Domain\Domain.csproj", "{8009E6D3-1290-4A6E-916D-4A7C2AB51EE7}"
EndProject
Project("{FAE04EC0-301F-11D3-BF4B-00C04F79EFBC}") = "Persistence", "Persistence\Persistence.csproj", "{5EB8F7D4-411B-4122-8559-F1C2635F95FE}"
EndProject
Global
	GlobalSection(SolutionConfigurationPlatforms) = preSolution
		Debug|Any CPU = Debug|Any CPU
		Release|Any CPU = Release|Any CPU
	EndGlobalSection
	GlobalSection(ProjectConfigurationPlatforms) = postSolution
		{375A2619-65A2-46FB-B683-4A9E0ECFF5BB}.Debug|Any CPU.ActiveCfg = Debug|Any CPU
		{375A2619-65A2-46FB-B683-4A9E0ECFF5BB}.Debug|Any CPU.Build.0 = Debug|Any CPU
		{375A2619-65A2-46FB-B683-4A9E0ECFF5BB}.Release|Any CPU.ActiveCfg = Release|Any CPU
		{375A2619-65A2-46FB-B683-4A9E0ECFF5BB}.Release|Any CPU.Build.0 = Release|Any CPU
		{58D84C64-759E-4355-86DA-C29063BAE24D}.Debug|Any CPU.ActiveCfg = Debug|Any CPU
		{58D84C64-759E-4355-86DA-C29063BAE24D}.Debug|Any CPU.Build.0 = Debug|Any CPU
		{58D84C64-759E-4355-86DA-C29063BAE24D}.Release|Any CPU.ActiveCfg = Release|Any CPU
		{58D84C64-759E-4355-86DA-C29063BAE24D}.Release|Any CPU.Build.0 = Release|Any CPU
		{F7DCB1CB-913F-4901-964B-5C7F89668DD6}.Debug|Any CPU.ActiveCfg = Debug|Any CPU
		{F7DCB1CB-913F-4901-964B-5C7F89668DD6}.Debug|Any CPU.Build.0 = Debug|Any CPU
		{F7DCB1CB-913F-4901-964B-5C7F89668DD6}.Release|Any CPU.ActiveCfg = Release|Any CPU
		{F7DCB1CB-913F-4901-964B-5C7F89668DD6}.Release|Any CPU.Build.0 = Release|Any CPU
		{8009E6D3-1290-4A6E-916D-4A7C2AB51EE7}.Debug|Any CPU.ActiveCfg = Debug|Any CPU
		{8009E6D3-1290-4A6E-916D-4A7C2AB51EE7}.Debug|Any CPU.Build.0 = Debug|Any CPU
		{8009E6D3-1290-4A6E-916D-4A7C2AB51EE7}.Release|Any CPU.ActiveCfg = Release|Any CPU
		{8009E6D3-1290-4A6E-916D-4A7C2AB51EE7}.Release|Any CPU.Build.0 = Release|Any CPU
		{5EB8F7D4-411B-4122-8559-F1C2635F95FE}.Debug|Any CPU.ActiveCfg = Debug|Any CPU
		{5EB8F7D4-411B-4122-8559-F1C2635F95FE}.Debug|Any CPU.Build.0 = Debug|Any CPU
		{5EB8F7D4-411B-4122-8559-F1C2635F95FE}.Release|Any CPU.ActiveCfg = Release|Any CPU
		{5EB8F7D4-411B-4122-8559-F1C2635F95FE}.Release|Any CPU.Build.0 = Release|Any CPU
	EndGlobalSection
	GlobalSection(SolutionProperties) = preSolution
		HideSolutionNode = FALSE
	EndGlobalSection
	GlobalSection(NestedProjects) = preSolution
		{375A2619-65A2-46FB-B683-4A9E0ECFF5BB} = {41EB7AEF-00CD-4DF5-B499-8EFDB23EF8B1}
		{58D84C64-759E-4355-86DA-C29063BAE24D} = {41EB7AEF-00CD-4DF5-B499-8EFDB23EF8B1}
		{F7DCB1CB-913F-4901-964B-5C7F89668DD6} = {41EB7AEF-00CD-4DF5-B499-8EFDB23EF8B1}
	EndGlobalSection
	GlobalSection(ExtensibilityGlobals) = postSolution
		SolutionGuid = {ACBC4671-7921-4BD4-9AE4-52417021E548}
	EndGlobalSection
EndGlobal
